PODS:
  - Grids (0.0.2):
    - SnapKit (~> 4.0.0)
  - SnapKit (4.0.1)

DEPENDENCIES:
  - Grids (from `../`)
  - SnapKit (~> 4.0.0)

SPEC REPOS:
  https://github.com/cocoapods/specs.git:
    - SnapKit

EXTERNAL SOURCES:
  Grids:
    :path: "../"

SPEC CHECKSUMS:
  Grids: 245b5a0bc812a1974dd4a37e79ac38450b4b24a5
  SnapKit: 0de968a9fec17499afa29683b05d0c775b6d1c29

PODFILE CHECKSUM: b863697216a1d92ba57ac7a5c0df03fae703bbcd

COCOAPODS: 1.6.1
