// !$*UTF8*$!
{
	archiveVersion = 1;
	classes = {
	};
	objectVersion = 46;
	objects = {

/* Begin PBXBuildFile section */
		1BF0042D938F6CF171342203 /* Pods_GridsDemoUITests.framework in Frameworks */ = {isa = PBXBuildFile; fileRef = 35E632EE0B956D57858134B4 /* Pods_GridsDemoUITests.framework */; };
		5B16D63F1209FF0146D1FD84 /* Pods_GridsDemoTests.framework in Frameworks */ = {isa = PBXBuildFile; fileRef = 06A1538AC0438FA4AC839ED3 /* Pods_GridsDemoTests.framework */; };
		67EAF7E8857CD5A208726405 /* Pods_GridsDemo.framework in Frameworks */ = {isa = PBXBuildFile; fileRef = 47FC9B666A390B769F05842A /* Pods_GridsDemo.framework */; };
		B3E659081E7A5ECD0012DA3D /* AppDelegate.swift in Sources */ = {isa = PBXBuildFile; fileRef = B3E659071E7A5ECD0012DA3D /* AppDelegate.swift */; };
		B3E6590D1E7A5ECD0012DA3D /* Main.storyboard in Resources */ = {isa = PBXBuildFile; fileRef = B3E6590B1E7A5ECD0012DA3D /* Main.storyboard */; };
		B3E6590F1E7A5ECD0012DA3D /* Assets.xcassets in Resources */ = {isa = PBXBuildFile; fileRef = B3E6590E1E7A5ECD0012DA3D /* Assets.xcassets */; };
		B3E659121E7A5ECD0012DA3D /* LaunchScreen.storyboard in Resources */ = {isa = PBXBuildFile; fileRef = B3E659101E7A5ECD0012DA3D /* LaunchScreen.storyboard */; };
		B3E6591D1E7A5ECD0012DA3D /* GridsDemoTests.swift in Sources */ = {isa = PBXBuildFile; fileRef = B3E6591C1E7A5ECD0012DA3D /* GridsDemoTests.swift */; };
		B3E659281E7A5ECD0012DA3D /* GridsDemoUITests.swift in Sources */ = {isa = PBXBuildFile; fileRef = B3E659271E7A5ECD0012DA3D /* GridsDemoUITests.swift */; };
		B3E6593A1E7A5FBF0012DA3D /* BaseViewController.swift in Sources */ = {isa = PBXBuildFile; fileRef = B3E659351E7A5FBF0012DA3D /* BaseViewController.swift */; };
		B3E6593B1E7A5FBF0012DA3D /* IrregularViewController.swift in Sources */ = {isa = PBXBuildFile; fileRef = B3E659361E7A5FBF0012DA3D /* IrregularViewController.swift */; };
		B3E6593C1E7A5FBF0012DA3D /* MultipleViewController.swift in Sources */ = {isa = PBXBuildFile; fileRef = B3E659371E7A5FBF0012DA3D /* MultipleViewController.swift */; };
		B3E6593D1E7A5FBF0012DA3D /* SimpleViewController.swift in Sources */ = {isa = PBXBuildFile; fileRef = B3E659381E7A5FBF0012DA3D /* SimpleViewController.swift */; };
		B3E6593E1E7A5FBF0012DA3D /* TableViewController.swift in Sources */ = {isa = PBXBuildFile; fileRef = B3E659391E7A5FBF0012DA3D /* TableViewController.swift */; };
/* End PBXBuildFile section */

/* Begin PBXContainerItemProxy section */
		B3E659191E7A5ECD0012DA3D /* PBXContainerItemProxy */ = {
			isa = PBXContainerItemProxy;
			containerPortal = B3E658FC1E7A5ECD0012DA3D /* Project object */;
			proxyType = 1;
			remoteGlobalIDString = B3E659031E7A5ECD0012DA3D;
			remoteInfo = GridsDemo;
		};
		B3E659241E7A5ECD0012DA3D /* PBXContainerItemProxy */ = {
			isa = PBXContainerItemProxy;
			containerPortal = B3E658FC1E7A5ECD0012DA3D /* Project object */;
			proxyType = 1;
			remoteGlobalIDString = B3E659031E7A5ECD0012DA3D;
			remoteInfo = GridsDemo;
		};
/* End PBXContainerItemProxy section */

/* Begin PBXFileReference section */
		06A1538AC0438FA4AC839ED3 /* Pods_GridsDemoTests.framework */ = {isa = PBXFileReference; explicitFileType = wrapper.framework; includeInIndex = 0; path = Pods_GridsDemoTests.framework; sourceTree = BUILT_PRODUCTS_DIR; };
		2E1133FB20B884F93D9500F5 /* Pods-GridsDemoUITests.release.xcconfig */ = {isa = PBXFileReference; includeInIndex = 1; lastKnownFileType = text.xcconfig; name = "Pods-GridsDemoUITests.release.xcconfig"; path = "Pods/Target Support Files/Pods-GridsDemoUITests/Pods-GridsDemoUITests.release.xcconfig"; sourceTree = "<group>"; };
		35E632EE0B956D57858134B4 /* Pods_GridsDemoUITests.framework */ = {isa = PBXFileReference; explicitFileType = wrapper.framework; includeInIndex = 0; path = Pods_GridsDemoUITests.framework; sourceTree = BUILT_PRODUCTS_DIR; };
		47FC9B666A390B769F05842A /* Pods_GridsDemo.framework */ = {isa = PBXFileReference; explicitFileType = wrapper.framework; includeInIndex = 0; path = Pods_GridsDemo.framework; sourceTree = BUILT_PRODUCTS_DIR; };
		7B0262A1BE913F4744016DB1 /* Pods-GridsDemo.release.xcconfig */ = {isa = PBXFileReference; includeInIndex = 1; lastKnownFileType = text.xcconfig; name = "Pods-GridsDemo.release.xcconfig"; path = "Pods/Target Support Files/Pods-GridsDemo/Pods-GridsDemo.release.xcconfig"; sourceTree = "<group>"; };
		8032B9B84894A84D33785423 /* Pods-GridsDemoTests.debug.xcconfig */ = {isa = PBXFileReference; includeInIndex = 1; lastKnownFileType = text.xcconfig; name = "Pods-GridsDemoTests.debug.xcconfig"; path = "Pods/Target Support Files/Pods-GridsDemoTests/Pods-GridsDemoTests.debug.xcconfig"; sourceTree = "<group>"; };
		8D5A0D103DECE250BC1F99DB /* Pods-GridsDemoUITests.debug.xcconfig */ = {isa = PBXFileReference; includeInIndex = 1; lastKnownFileType = text.xcconfig; name = "Pods-GridsDemoUITests.debug.xcconfig"; path = "Pods/Target Support Files/Pods-GridsDemoUITests/Pods-GridsDemoUITests.debug.xcconfig"; sourceTree = "<group>"; };
		B3E659041E7A5ECD0012DA3D /* GridsDemo.app */ = {isa = PBXFileReference; explicitFileType = wrapper.application; includeInIndex = 0; path = GridsDemo.app; sourceTree = BUILT_PRODUCTS_DIR; };
		B3E659071E7A5ECD0012DA3D /* AppDelegate.swift */ = {isa = PBXFileReference; lastKnownFileType = sourcecode.swift; path = AppDelegate.swift; sourceTree = "<group>"; };
		B3E6590C1E7A5ECD0012DA3D /* Base */ = {isa = PBXFileReference; lastKnownFileType = file.storyboard; name = Base; path = Base.lproj/Main.storyboard; sourceTree = "<group>"; };
		B3E6590E1E7A5ECD0012DA3D /* Assets.xcassets */ = {isa = PBXFileReference; lastKnownFileType = folder.assetcatalog; path = Assets.xcassets; sourceTree = "<group>"; };
		B3E659111E7A5ECD0012DA3D /* Base */ = {isa = PBXFileReference; lastKnownFileType = file.storyboard; name = Base; path = Base.lproj/LaunchScreen.storyboard; sourceTree = "<group>"; };
		B3E659131E7A5ECD0012DA3D /* Info.plist */ = {isa = PBXFileReference; lastKnownFileType = text.plist.xml; path = Info.plist; sourceTree = "<group>"; };
		B3E659181E7A5ECD0012DA3D /* GridsDemoTests.xctest */ = {isa = PBXFileReference; explicitFileType = wrapper.cfbundle; includeInIndex = 0; path = GridsDemoTests.xctest; sourceTree = BUILT_PRODUCTS_DIR; };
		B3E6591C1E7A5ECD0012DA3D /* GridsDemoTests.swift */ = {isa = PBXFileReference; lastKnownFileType = sourcecode.swift; path = GridsDemoTests.swift; sourceTree = "<group>"; };
		B3E6591E1E7A5ECD0012DA3D /* Info.plist */ = {isa = PBXFileReference; lastKnownFileType = text.plist.xml; path = Info.plist; sourceTree = "<group>"; };
		B3E659231E7A5ECD0012DA3D /* GridsDemoUITests.xctest */ = {isa = PBXFileReference; explicitFileType = wrapper.cfbundle; includeInIndex = 0; path = GridsDemoUITests.xctest; sourceTree = BUILT_PRODUCTS_DIR; };
		B3E659271E7A5ECD0012DA3D /* GridsDemoUITests.swift */ = {isa = PBXFileReference; lastKnownFileType = sourcecode.swift; path = GridsDemoUITests.swift; sourceTree = "<group>"; };
		B3E659291E7A5ECD0012DA3D /* Info.plist */ = {isa = PBXFileReference; lastKnownFileType = text.plist.xml; path = Info.plist; sourceTree = "<group>"; };
		B3E659351E7A5FBF0012DA3D /* BaseViewController.swift */ = {isa = PBXFileReference; fileEncoding = 4; lastKnownFileType = sourcecode.swift; path = BaseViewController.swift; sourceTree = "<group>"; };
		B3E659361E7A5FBF0012DA3D /* IrregularViewController.swift */ = {isa = PBXFileReference; fileEncoding = 4; lastKnownFileType = sourcecode.swift; path = IrregularViewController.swift; sourceTree = "<group>"; };
		B3E659371E7A5FBF0012DA3D /* MultipleViewController.swift */ = {isa = PBXFileReference; fileEncoding = 4; lastKnownFileType = sourcecode.swift; path = MultipleViewController.swift; sourceTree = "<group>"; };
		B3E659381E7A5FBF0012DA3D /* SimpleViewController.swift */ = {isa = PBXFileReference; fileEncoding = 4; lastKnownFileType = sourcecode.swift; path = SimpleViewController.swift; sourceTree = "<group>"; };
		B3E659391E7A5FBF0012DA3D /* TableViewController.swift */ = {isa = PBXFileReference; fileEncoding = 4; lastKnownFileType = sourcecode.swift; path = TableViewController.swift; sourceTree = "<group>"; };
		C097958E6356D1BEB5AF7D19 /* Pods-GridsDemoTests.release.xcconfig */ = {isa = PBXFileReference; includeInIndex = 1; lastKnownFileType = text.xcconfig; name = "Pods-GridsDemoTests.release.xcconfig"; path = "Pods/Target Support Files/Pods-GridsDemoTests/Pods-GridsDemoTests.release.xcconfig"; sourceTree = "<group>"; };
		C1A2DDDD51CC5BC7943E166C /* Pods-GridsDemo.debug.xcconfig */ = {isa = PBXFileReference; includeInIndex = 1; lastKnownFileType = text.xcconfig; name = "Pods-GridsDemo.debug.xcconfig"; path = "Pods/Target Support Files/Pods-GridsDemo/Pods-GridsDemo.debug.xcconfig"; sourceTree = "<group>"; };
/* End PBXFileReference section */

/* Begin PBXFrameworksBuildPhase section */
		B3E659011E7A5ECD0012DA3D /* Frameworks */ = {
			isa = PBXFrameworksBuildPhase;
			buildActionMask = 2147483647;
			files = (
				67EAF7E8857CD5A208726405 /* Pods_GridsDemo.framework in Frameworks */,
			);
			runOnlyForDeploymentPostprocessing = 0;
		};
		B3E659151E7A5ECD0012DA3D /* Frameworks */ = {
			isa = PBXFrameworksBuildPhase;
			buildActionMask = 2147483647;
			files = (
				5B16D63F1209FF0146D1FD84 /* Pods_GridsDemoTests.framework in Frameworks */,
			);
			runOnlyForDeploymentPostprocessing = 0;
		};
		B3E659201E7A5ECD0012DA3D /* Frameworks */ = {
			isa = PBXFrameworksBuildPhase;
			buildActionMask = 2147483647;
			files = (
				1BF0042D938F6CF171342203 /* Pods_GridsDemoUITests.framework in Frameworks */,
			);
			runOnlyForDeploymentPostprocessing = 0;
		};
/* End PBXFrameworksBuildPhase section */

/* Begin PBXGroup section */
		48AD454F659AAE9304DF8BC9 /* Frameworks */ = {
			isa = PBXGroup;
			children = (
				47FC9B666A390B769F05842A /* Pods_GridsDemo.framework */,
				06A1538AC0438FA4AC839ED3 /* Pods_GridsDemoTests.framework */,
				35E632EE0B956D57858134B4 /* Pods_GridsDemoUITests.framework */,
			);
			name = Frameworks;
			sourceTree = "<group>";
		};
		B3E658FB1E7A5ECD0012DA3D = {
			isa = PBXGroup;
			children = (
				B3E659061E7A5ECD0012DA3D /* GridsDemo */,
				B3E6591B1E7A5ECD0012DA3D /* GridsDemoTests */,
				B3E659261E7A5ECD0012DA3D /* GridsDemoUITests */,
				B3E659051E7A5ECD0012DA3D /* Products */,
				C3A4579DE612C45A33E40BB9 /* Pods */,
				48AD454F659AAE9304DF8BC9 /* Frameworks */,
			);
			sourceTree = "<group>";
		};
		B3E659051E7A5ECD0012DA3D /* Products */ = {
			isa = PBXGroup;
			children = (
				B3E659041E7A5ECD0012DA3D /* GridsDemo.app */,
				B3E659181E7A5ECD0012DA3D /* GridsDemoTests.xctest */,
				B3E659231E7A5ECD0012DA3D /* GridsDemoUITests.xctest */,
			);
			name = Products;
			sourceTree = "<group>";
		};
		B3E659061E7A5ECD0012DA3D /* GridsDemo */ = {
			isa = PBXGroup;
			children = (
				B3E659071E7A5ECD0012DA3D /* AppDelegate.swift */,
				B3E659391E7A5FBF0012DA3D /* TableViewController.swift */,
				B3E659351E7A5FBF0012DA3D /* BaseViewController.swift */,
				B3E659381E7A5FBF0012DA3D /* SimpleViewController.swift */,
				B3E659371E7A5FBF0012DA3D /* MultipleViewController.swift */,
				B3E659361E7A5FBF0012DA3D /* IrregularViewController.swift */,
				B3E6590B1E7A5ECD0012DA3D /* Main.storyboard */,
				B3E6590E1E7A5ECD0012DA3D /* Assets.xcassets */,
				B3E659101E7A5ECD0012DA3D /* LaunchScreen.storyboard */,
				B3E659131E7A5ECD0012DA3D /* Info.plist */,
			);
			path = GridsDemo;
			sourceTree = "<group>";
		};
		B3E6591B1E7A5ECD0012DA3D /* GridsDemoTests */ = {
			isa = PBXGroup;
			children = (
				B3E6591C1E7A5ECD0012DA3D /* GridsDemoTests.swift */,
				B3E6591E1E7A5ECD0012DA3D /* Info.plist */,
			);
			path = GridsDemoTests;
			sourceTree = "<group>";
		};
		B3E659261E7A5ECD0012DA3D /* GridsDemoUITests */ = {
			isa = PBXGroup;
			children = (
				B3E659271E7A5ECD0012DA3D /* GridsDemoUITests.swift */,
				B3E659291E7A5ECD0012DA3D /* Info.plist */,
			);
			path = GridsDemoUITests;
			sourceTree = "<group>";
		};
		C3A4579DE612C45A33E40BB9 /* Pods */ = {
			isa = PBXGroup;
			children = (
				C1A2DDDD51CC5BC7943E166C /* Pods-GridsDemo.debug.xcconfig */,
				7B0262A1BE913F4744016DB1 /* Pods-GridsDemo.release.xcconfig */,
				8032B9B84894A84D33785423 /* Pods-GridsDemoTests.debug.xcconfig */,
				C097958E6356D1BEB5AF7D19 /* Pods-GridsDemoTests.release.xcconfig */,
				8D5A0D103DECE250BC1F99DB /* Pods-GridsDemoUITests.debug.xcconfig */,
				2E1133FB20B884F93D9500F5 /* Pods-GridsDemoUITests.release.xcconfig */,
			);
			name = Pods;
			sourceTree = "<group>";
		};
/* End PBXGroup section */

/* Begin PBXNativeTarget section */
		B3E659031E7A5ECD0012DA3D /* GridsDemo */ = {
			isa = PBXNativeTarget;
			buildConfigurationList = B3E6592C1E7A5ECD0012DA3D /* Build configuration list for PBXNativeTarget "GridsDemo" */;
			buildPhases = (
				FF0C97A857B6C1014C366770 /* [CP] Check Pods Manifest.lock */,
				B3E659001E7A5ECD0012DA3D /* Sources */,
				B3E659011E7A5ECD0012DA3D /* Frameworks */,
				B3E659021E7A5ECD0012DA3D /* Resources */,
				390FF7C6AD776CE674CF0E6C /* [CP] Embed Pods Frameworks */,
			);
			buildRules = (
			);
			dependencies = (
			);
			name = GridsDemo;
			productName = GridsDemo;
			productReference = B3E659041E7A5ECD0012DA3D /* GridsDemo.app */;
			productType = "com.apple.product-type.application";
		};
		B3E659171E7A5ECD0012DA3D /* GridsDemoTests */ = {
			isa = PBXNativeTarget;
			buildConfigurationList = B3E6592F1E7A5ECD0012DA3D /* Build configuration list for PBXNativeTarget "GridsDemoTests" */;
			buildPhases = (
				EE73DB3A3A7EFCAC686DC34A /* [CP] Check Pods Manifest.lock */,
				B3E659141E7A5ECD0012DA3D /* Sources */,
				B3E659151E7A5ECD0012DA3D /* Frameworks */,
				B3E659161E7A5ECD0012DA3D /* Resources */,
			);
			buildRules = (
			);
			dependencies = (
				B3E6591A1E7A5ECD0012DA3D /* PBXTargetDependency */,
			);
			name = GridsDemoTests;
			productName = GridsDemoTests;
			productReference = B3E659181E7A5ECD0012DA3D /* GridsDemoTests.xctest */;
			productType = "com.apple.product-type.bundle.unit-test";
		};
		B3E659221E7A5ECD0012DA3D /* GridsDemoUITests */ = {
			isa = PBXNativeTarget;
			buildConfigurationList = B3E659321E7A5ECD0012DA3D /* Build configuration list for PBXNativeTarget "GridsDemoUITests" */;
			buildPhases = (
				835CA5F906E6AEBF3A7C513E /* [CP] Check Pods Manifest.lock */,
				B3E6591F1E7A5ECD0012DA3D /* Sources */,
				B3E659201E7A5ECD0012DA3D /* Frameworks */,
				B3E659211E7A5ECD0012DA3D /* Resources */,
			);
			buildRules = (
			);
			dependencies = (
				B3E659251E7A5ECD0012DA3D /* PBXTargetDependency */,
			);
			name = GridsDemoUITests;
			productName = GridsDemoUITests;
			productReference = B3E659231E7A5ECD0012DA3D /* GridsDemoUITests.xctest */;
			productType = "com.apple.product-type.bundle.ui-testing";
		};
/* End PBXNativeTarget section */

/* Begin PBXProject section */
		B3E658FC1E7A5ECD0012DA3D /* Project object */ = {
			isa = PBXProject;
			attributes = {
				LastSwiftUpdateCheck = 0820;
				LastUpgradeCheck = 0820;
				ORGANIZATIONNAME = Leo;
				TargetAttributes = {
					B3E659031E7A5ECD0012DA3D = {
						CreatedOnToolsVersion = 8.2.1;
						ProvisioningStyle = Automatic;
					};
					B3E659171E7A5ECD0012DA3D = {
						CreatedOnToolsVersion = 8.2.1;
						ProvisioningStyle = Automatic;
						TestTargetID = B3E659031E7A5ECD0012DA3D;
					};
					B3E659221E7A5ECD0012DA3D = {
						CreatedOnToolsVersion = 8.2.1;
						ProvisioningStyle = Automatic;
						TestTargetID = B3E659031E7A5ECD0012DA3D;
					};
				};
			};
			buildConfigurationList = B3E658FF1E7A5ECD0012DA3D /* Build configuration list for PBXProject "GridsDemo" */;
			compatibilityVersion = "Xcode 3.2";
			developmentRegion = English;
			hasScannedForEncodings = 0;
			knownRegions = (
				en,
				Base,
			);
			mainGroup = B3E658FB1E7A5ECD0012DA3D;
			productRefGroup = B3E659051E7A5ECD0012DA3D /* Products */;
			projectDirPath = "";
			projectRoot = "";
			targets = (
				B3E659031E7A5ECD0012DA3D /* GridsDemo */,
				B3E659171E7A5ECD0012DA3D /* GridsDemoTests */,
				B3E659221E7A5ECD0012DA3D /* GridsDemoUITests */,
			);
		};
/* End PBXProject section */

/* Begin PBXResourcesBuildPhase section */
		B3E659021E7A5ECD0012DA3D /* Resources */ = {
			isa = PBXResourcesBuildPhase;
			buildActionMask = 2147483647;
			files = (
				B3E659121E7A5ECD0012DA3D /* LaunchScreen.storyboard in Resources */,
				B3E6590F1E7A5ECD0012DA3D /* Assets.xcassets in Resources */,
				B3E6590D1E7A5ECD0012DA3D /* Main.storyboard in Resources */,
			);
			runOnlyForDeploymentPostprocessing = 0;
		};
		B3E659161E7A5ECD0012DA3D /* Resources */ = {
			isa = PBXResourcesBuildPhase;
			buildActionMask = 2147483647;
			files = (
			);
			runOnlyForDeploymentPostprocessing = 0;
		};
		B3E659211E7A5ECD0012DA3D /* Resources */ = {
			isa = PBXResourcesBuildPhase;
			buildActionMask = 2147483647;
			files = (
			);
			runOnlyForDeploymentPostprocessing = 0;
		};
/* End PBXResourcesBuildPhase section */

/* Begin PBXShellScriptBuildPhase section */
		390FF7C6AD776CE674CF0E6C /* [CP] Embed Pods Frameworks */ = {
			isa = PBXShellScriptBuildPhase;
			buildActionMask = 2147483647;
			files = (
			);
			inputPaths = (
				"${PODS_ROOT}/Target Support Files/Pods-GridsDemo/Pods-GridsDemo-frameworks.sh",
				"${BUILT_PRODUCTS_DIR}/Grids/Grids.framework",
				"${BUILT_PRODUCTS_DIR}/SnapKit/SnapKit.framework",
			);
			name = "[CP] Embed Pods Frameworks";
			outputPaths = (
				"${TARGET_BUILD_DIR}/${FRAMEWORKS_FOLDER_PATH}/Grids.framework",
				"${TARGET_BUILD_DIR}/${FRAMEWORKS_FOLDER_PATH}/SnapKit.framework",
			);
			runOnlyForDeploymentPostprocessing = 0;
			shellPath = /bin/sh;
			shellScript = "\"${PODS_ROOT}/Target Support Files/Pods-GridsDemo/Pods-GridsDemo-frameworks.sh\"\n";
			showEnvVarsInLog = 0;
		};
		835CA5F906E6AEBF3A7C513E /* [CP] Check Pods Manifest.lock */ = {
			isa = PBXShellScriptBuildPhase;
			buildActionMask = 2147483647;
			files = (
			);
			inputPaths = (
				"${PODS_PODFILE_DIR_PATH}/Podfile.lock",
				"${PODS_ROOT}/Manifest.lock",
			);
			name = "[CP] Check Pods Manifest.lock";
			outputPaths = (
				"$(DERIVED_FILE_DIR)/Pods-GridsDemoUITests-checkManifestLockResult.txt",
			);
			runOnlyForDeploymentPostprocessing = 0;
			shellPath = /bin/sh;
			shellScript = "diff \"${PODS_PODFILE_DIR_PATH}/Podfile.lock\" \"${PODS_ROOT}/Manifest.lock\" > /dev/null\nif [ $? != 0 ] ; then\n    # print error to STDERR\n    echo \"error: The sandbox is not in sync with the Podfile.lock. Run 'pod install' or update your CocoaPods installation.\" >&2\n    exit 1\nfi\n# This output is used by Xcode 'outputs' to avoid re-running this script phase.\necho \"SUCCESS\" > \"${SCRIPT_OUTPUT_FILE_0}\"\n";
			showEnvVarsInLog = 0;
		};
		EE73DB3A3A7EFCAC686DC34A /* [CP] Check Pods Manifest.lock */ = {
			isa = PBXShellScriptBuildPhase;
			buildActionMask = 2147483647;
			files = (
			);
			inputPaths = (
				"${PODS_PODFILE_DIR_PATH}/Podfile.lock",
				"${PODS_ROOT}/Manifest.lock",
			);
			name = "[CP] Check Pods Manifest.lock";
			outputPaths = (
				"$(DERIVED_FILE_DIR)/Pods-GridsDemoTests-checkManifestLockResult.txt",
			);
			runOnlyForDeploymentPostprocessing = 0;
			shellPath = /bin/sh;
			shellScript = "diff \"${PODS_PODFILE_DIR_PATH}/Podfile.lock\" \"${PODS_ROOT}/Manifest.lock\" > /dev/null\nif [ $? != 0 ] ; then\n    # print error to STDERR\n    echo \"error: The sandbox is not in sync with the Podfile.lock. Run 'pod install' or update your CocoaPods installation.\" >&2\n    exit 1\nfi\n# This output is used by Xcode 'outputs' to avoid re-running this script phase.\necho \"SUCCESS\" > \"${SCRIPT_OUTPUT_FILE_0}\"\n";
			showEnvVarsInLog = 0;
		};
		FF0C97A857B6C1014C366770 /* [CP] Check Pods Manifest.lock */ = {
			isa = PBXShellScriptBuildPhase;
			buildActionMask = 2147483647;
			files = (
			);
			inputPaths = (
				"${PODS_PODFILE_DIR_PATH}/Podfile.lock",
				"${PODS_ROOT}/Manifest.lock",
			);
			name = "[CP] Check Pods Manifest.lock";
			outputPaths = (
				"$(DERIVED_FILE_DIR)/Pods-GridsDemo-checkManifestLockResult.txt",
			);
			runOnlyForDeploymentPostprocessing = 0;
			shellPath = /bin/sh;
			shellScript = "diff \"${PODS_PODFILE_DIR_PATH}/Podfile.lock\" \"${PODS_ROOT}/Manifest.lock\" > /dev/null\nif [ $? != 0 ] ; then\n    # print error to STDERR\n    echo \"error: The sandbox is not in sync with the Podfile.lock. Run 'pod install' or update your CocoaPods installation.\" >&2\n    exit 1\nfi\n# This output is used by Xcode 'outputs' to avoid re-running this script phase.\necho \"SUCCESS\" > \"${SCRIPT_OUTPUT_FILE_0}\"\n";
			showEnvVarsInLog = 0;
		};
/* End PBXShellScriptBuildPhase section */

/* Begin PBXSourcesBuildPhase section */
		B3E659001E7A5ECD0012DA3D /* Sources */ = {
			isa = PBXSourcesBuildPhase;
			buildActionMask = 2147483647;
			files = (
				B3E6593B1E7A5FBF0012DA3D /* IrregularViewController.swift in Sources */,
				B3E6593E1E7A5FBF0012DA3D /* TableViewController.swift in Sources */,
				B3E6593C1E7A5FBF0012DA3D /* MultipleViewController.swift in Sources */,
				B3E6593D1E7A5FBF0012DA3D /* SimpleViewController.swift in Sources */,
				B3E659081E7A5ECD0012DA3D /* AppDelegate.swift in Sources */,
				B3E6593A1E7A5FBF0012DA3D /* BaseViewController.swift in Sources */,
			);
			runOnlyForDeploymentPostprocessing = 0;
		};
		B3E659141E7A5ECD0012DA3D /* Sources */ = {
			isa = PBXSourcesBuildPhase;
			buildActionMask = 2147483647;
			files = (
				B3E6591D1E7A5ECD0012DA3D /* GridsDemoTests.swift in Sources */,
			);
			runOnlyForDeploymentPostprocessing = 0;
		};
		B3E6591F1E7A5ECD0012DA3D /* Sources */ = {
			isa = PBXSourcesBuildPhase;
			buildActionMask = 2147483647;
			files = (
				B3E659281E7A5ECD0012DA3D /* GridsDemoUITests.swift in Sources */,
			);
			runOnlyForDeploymentPostprocessing = 0;
		};
/* End PBXSourcesBuildPhase section */

/* Begin PBXTargetDependency section */
		B3E6591A1E7A5ECD0012DA3D /* PBXTargetDependency */ = {
			isa = PBXTargetDependency;
			target = B3E659031E7A5ECD0012DA3D /* GridsDemo */;
			targetProxy = B3E659191E7A5ECD0012DA3D /* PBXContainerItemProxy */;
		};
		B3E659251E7A5ECD0012DA3D /* PBXTargetDependency */ = {
			isa = PBXTargetDependency;
			target = B3E659031E7A5ECD0012DA3D /* GridsDemo */;
			targetProxy = B3E659241E7A5ECD0012DA3D /* PBXContainerItemProxy */;
		};
/* End PBXTargetDependency section */

/* Begin PBXVariantGroup section */
		B3E6590B1E7A5ECD0012DA3D /* Main.storyboard */ = {
			isa = PBXVariantGroup;
			children = (
				B3E6590C1E7A5ECD0012DA3D /* Base */,
			);
			name = Main.storyboard;
			sourceTree = "<group>";
		};
		B3E659101E7A5ECD0012DA3D /* LaunchScreen.storyboard */ = {
			isa = PBXVariantGroup;
			children = (
				B3E659111E7A5ECD0012DA3D /* Base */,
			);
			name = LaunchScreen.storyboard;
			sourceTree = "<group>";
		};
/* End PBXVariantGroup section */

/* Begin XCBuildConfiguration section */
		B3E6592A1E7A5ECD0012DA3D /* Debug */ = {
			isa = XCBuildConfiguration;
			buildSettings = {
				ALWAYS_SEARCH_USER_PATHS = NO;
				CLANG_ANALYZER_NONNULL = YES;
				CLANG_CXX_LANGUAGE_STANDARD = "gnu++0x";
				CLANG_CXX_LIBRARY = "libc++";
				CLANG_ENABLE_MODULES = YES;
				CLANG_ENABLE_OBJC_ARC = YES;
				CLANG_WARN_BOOL_CONVERSION = YES;
				CLANG_WARN_CONSTANT_CONVERSION = YES;
				CLANG_WARN_DIRECT_OBJC_ISA_USAGE = YES_ERROR;
				CLANG_WARN_DOCUMENTATION_COMMENTS = YES;
				CLANG_WARN_EMPTY_BODY = YES;
				CLANG_WARN_ENUM_CONVERSION = YES;
				CLANG_WARN_INFINITE_RECURSION = YES;
				CLANG_WARN_INT_CONVERSION = YES;
				CLANG_WARN_OBJC_ROOT_CLASS = YES_ERROR;
				CLANG_WARN_SUSPICIOUS_MOVE = YES;
				CLANG_WARN_UNREACHABLE_CODE = YES;
				CLANG_WARN__DUPLICATE_METHOD_MATCH = YES;
				"CODE_SIGN_IDENTITY[sdk=iphoneos*]" = "iPhone Developer";
				COPY_PHASE_STRIP = NO;
				DEBUG_INFORMATION_FORMAT = dwarf;
				ENABLE_STRICT_OBJC_MSGSEND = YES;
				ENABLE_TESTABILITY = YES;
				GCC_C_LANGUAGE_STANDARD = gnu99;
				GCC_DYNAMIC_NO_PIC = NO;
				GCC_NO_COMMON_BLOCKS = YES;
				GCC_OPTIMIZATION_LEVEL = 0;
				GCC_PREPROCESSOR_DEFINITIONS = (
					"DEBUG=1",
					"$(inherited)",
				);
				GCC_WARN_64_TO_32_BIT_CONVERSION = YES;
				GCC_WARN_ABOUT_RETURN_TYPE = YES_ERROR;
				GCC_WARN_UNDECLARED_SELECTOR = YES;
				GCC_WARN_UNINITIALIZED_AUTOS = YES_AGGRESSIVE;
				GCC_WARN_UNUSED_FUNCTION = YES;
				GCC_WARN_UNUSED_VARIABLE = YES;
				IPHONEOS_DEPLOYMENT_TARGET = 10.2;
				MTL_ENABLE_DEBUG_INFO = YES;
				ONLY_ACTIVE_ARCH = YES;
				SDKROOT = iphoneos;
				SWIFT_ACTIVE_COMPILATION_CONDITIONS = DEBUG;
				SWIFT_OPTIMIZATION_LEVEL = "-Onone";
				TARGETED_DEVICE_FAMILY = "1,2";
			};
			name = Debug;
		};
		B3E6592B1E7A5ECD0012DA3D /* Release */ = {
			isa = XCBuildConfiguration;
			buildSettings = {
				ALWAYS_SEARCH_USER_PATHS = NO;
				CLANG_ANALYZER_NONNULL = YES;
				CLANG_CXX_LANGUAGE_STANDARD = "gnu++0x";
				CLANG_CXX_LIBRARY = "libc++";
				CLANG_ENABLE_MODULES = YES;
				CLANG_ENABLE_OBJC_ARC = YES;
				CLANG_WARN_BOOL_CONVERSION = YES;
				CLANG_WARN_CONSTANT_CONVERSION = YES;
				CLANG_WARN_DIRECT_OBJC_ISA_USAGE = YES_ERROR;
				CLANG_WARN_DOCUMENTATION_COMMENTS = YES;
				CLANG_WARN_EMPTY_BODY = YES;
				CLANG_WARN_ENUM_CONVERSION = YES;
				CLANG_WARN_INFINITE_RECURSION = YES;
				CLANG_WARN_INT_CONVERSION = YES;
				CLANG_WARN_OBJC_ROOT_CLASS = YES_ERROR;
				CLANG_WARN_SUSPICIOUS_MOVE = YES;
				CLANG_WARN_UNREACHABLE_CODE = YES;
				CLANG_WARN__DUPLICATE_METHOD_MATCH = YES;
				"CODE_SIGN_IDENTITY[sdk=iphoneos*]" = "iPhone Developer";
				COPY_PHASE_STRIP = NO;
				DEBUG_INFORMATION_FORMAT = "dwarf-with-dsym";
				ENABLE_NS_ASSERTIONS = NO;
				ENABLE_STRICT_OBJC_MSGSEND = YES;
				GCC_C_LANGUAGE_STANDARD = gnu99;
				GCC_NO_COMMON_BLOCKS = YES;
				GCC_WARN_64_TO_32_BIT_CONVERSION = YES;
				GCC_WARN_ABOUT_RETURN_TYPE = YES_ERROR;
				GCC_WARN_UNDECLARED_SELECTOR = YES;
				GCC_WARN_UNINITIALIZED_AUTOS = YES_AGGRESSIVE;
				GCC_WARN_UNUSED_FUNCTION = YES;
				GCC_WARN_UNUSED_VARIABLE = YES;
				IPHONEOS_DEPLOYMENT_TARGET = 10.2;
				MTL_ENABLE_DEBUG_INFO = NO;
				SDKROOT = iphoneos;
				SWIFT_OPTIMIZATION_LEVEL = "-Owholemodule";
				TARGETED_DEVICE_FAMILY = "1,2";
				VALIDATE_PRODUCT = YES;
			};
			name = Release;
		};
		B3E6592D1E7A5ECD0012DA3D /* Debug */ = {
			isa = XCBuildConfiguration;
			baseConfigurationReference = C1A2DDDD51CC5BC7943E166C /* Pods-GridsDemo.debug.xcconfig */;
			buildSettings = {
				ASSETCATALOG_COMPILER_APPICON_NAME = AppIcon;
				INFOPLIST_FILE = GridsDemo/Info.plist;
				LD_RUNPATH_SEARCH_PATHS = "$(inherited) @executable_path/Frameworks";
				PRODUCT_BUNDLE_IDENTIFIER = me.leodev.GridsDemo;
				PRODUCT_NAME = "$(TARGET_NAME)";
				SWIFT_VERSION = 3.0;
			};
			name = Debug;
		};
		B3E6592E1E7A5ECD0012DA3D /* Release */ = {
			isa = XCBuildConfiguration;
			baseConfigurationReference = 7B0262A1BE913F4744016DB1 /* Pods-GridsDemo.release.xcconfig */;
			buildSettings = {
				ASSETCATALOG_COMPILER_APPICON_NAME = AppIcon;
				INFOPLIST_FILE = GridsDemo/Info.plist;
				LD_RUNPATH_SEARCH_PATHS = "$(inherited) @executable_path/Frameworks";
				PRODUCT_BUNDLE_IDENTIFIER = me.leodev.GridsDemo;
				PRODUCT_NAME = "$(TARGET_NAME)";
				SWIFT_VERSION = 3.0;
			};
			name = Release;
		};
		B3E659301E7A5ECD0012DA3D /* Debug */ = {
			isa = XCBuildConfiguration;
			baseConfigurationReference = 8032B9B84894A84D33785423 /* Pods-GridsDemoTests.debug.xcconfig */;
			buildSettings = {
				ALWAYS_EMBED_SWIFT_STANDARD_LIBRARIES = YES;
				BUNDLE_LOADER = "$(TEST_HOST)";
				INFOPLIST_FILE = GridsDemoTests/Info.plist;
				LD_RUNPATH_SEARCH_PATHS = "$(inherited) @executable_path/Frameworks @loader_path/Frameworks";
				PRODUCT_BUNDLE_IDENTIFIER = me.leodev.GridsDemoTests;
				PRODUCT_NAME = "$(TARGET_NAME)";
				SWIFT_VERSION = 3.0;
				TEST_HOST = "$(BUILT_PRODUCTS_DIR)/GridsDemo.app/GridsDemo";
			};
			name = Debug;
		};
		B3E659311E7A5ECD0012DA3D /* Release */ = {
			isa = XCBuildConfiguration;
			baseConfigurationReference = C097958E6356D1BEB5AF7D19 /* Pods-GridsDemoTests.release.xcconfig */;
			buildSettings = {
				ALWAYS_EMBED_SWIFT_STANDARD_LIBRARIES = YES;
				BUNDLE_LOADER = "$(TEST_HOST)";
				INFOPLIST_FILE = GridsDemoTests/Info.plist;
				LD_RUNPATH_SEARCH_PATHS = "$(inherited) @executable_path/Frameworks @loader_path/Frameworks";
				PRODUCT_BUNDLE_IDENTIFIER = me.leodev.GridsDemoTests;
				PRODUCT_NAME = "$(TARGET_NAME)";
				SWIFT_VERSION = 3.0;
				TEST_HOST = "$(BUILT_PRODUCTS_DIR)/GridsDemo.app/GridsDemo";
			};
			name = Release;
		};
		B3E659331E7A5ECD0012DA3D /* Debug */ = {
			isa = XCBuildConfiguration;
			baseConfigurationReference = 8D5A0D103DECE250BC1F99DB /* Pods-GridsDemoUITests.debug.xcconfig */;
			buildSettings = {
				ALWAYS_EMBED_SWIFT_STANDARD_LIBRARIES = YES;
				INFOPLIST_FILE = GridsDemoUITests/Info.plist;
				LD_RUNPATH_SEARCH_PATHS = "$(inherited) @executable_path/Frameworks @loader_path/Frameworks";
				PRODUCT_BUNDLE_IDENTIFIER = me.leodev.GridsDemoUITests;
				PRODUCT_NAME = "$(TARGET_NAME)";
				SWIFT_VERSION = 3.0;
				TEST_TARGET_NAME = GridsDemo;
			};
			name = Debug;
		};
		B3E659341E7A5ECD0012DA3D /* Release */ = {
			isa = XCBuildConfiguration;
			baseConfigurationReference = 2E1133FB20B884F93D9500F5 /* Pods-GridsDemoUITests.release.xcconfig */;
			buildSettings = {
				ALWAYS_EMBED_SWIFT_STANDARD_LIBRARIES = YES;
				INFOPLIST_FILE = GridsDemoUITests/Info.plist;
				LD_RUNPATH_SEARCH_PATHS = "$(inherited) @executable_path/Frameworks @loader_path/Frameworks";
				PRODUCT_BUNDLE_IDENTIFIER = me.leodev.GridsDemoUITests;
				PRODUCT_NAME = "$(TARGET_NAME)";
				SWIFT_VERSION = 3.0;
				TEST_TARGET_NAME = GridsDemo;
			};
			name = Release;
		};
/* End XCBuildConfiguration section */

/* Begin XCConfigurationList section */
		B3E658FF1E7A5ECD0012DA3D /* Build configuration list for PBXProject "GridsDemo" */ = {
			isa = XCConfigurationList;
			buildConfigurations = (
				B3E6592A1E7A5ECD0012DA3D /* Debug */,
				B3E6592B1E7A5ECD0012DA3D /* Release */,
			);
			defaultConfigurationIsVisible = 0;
			defaultConfigurationName = Release;
		};
		B3E6592C1E7A5ECD0012DA3D /* Build configuration list for PBXNativeTarget "GridsDemo" */ = {
			isa = XCConfigurationList;
			buildConfigurations = (
				B3E6592D1E7A5ECD0012DA3D /* Debug */,
				B3E6592E1E7A5ECD0012DA3D /* Release */,
			);
			defaultConfigurationIsVisible = 0;
			defaultConfigurationName = Release;
		};
		B3E6592F1E7A5ECD0012DA3D /* Build configuration list for PBXNativeTarget "GridsDemoTests" */ = {
			isa = XCConfigurationList;
			buildConfigurations = (
				B3E659301E7A5ECD0012DA3D /* Debug */,
				B3E659311E7A5ECD0012DA3D /* Release */,
			);
			defaultConfigurationIsVisible = 0;
			defaultConfigurationName = Release;
		};
		B3E659321E7A5ECD0012DA3D /* Build configuration list for PBXNativeTarget "GridsDemoUITests" */ = {
			isa = XCConfigurationList;
			buildConfigurations = (
				B3E659331E7A5ECD0012DA3D /* Debug */,
				B3E659341E7A5ECD0012DA3D /* Release */,
			);
			defaultConfigurationIsVisible = 0;
			defaultConfigurationName = Release;
		};
/* End XCConfigurationList section */
	};
	rootObject = B3E658FC1E7A5ECD0012DA3D /* Project object */;
}
